
Microsoft Visual Studio Solution File, Format Version 12.00
# Visual Studio Version 17
VisualStudioVersion = 17.10.35013.160
MinimumVisualStudioVersion = 10.0.40219.1
Project("{FAE04EC0-301F-11D3-BF4B-00C04F79EFBC}") = "ExamSystem", "ExamSystem\ExamSystem.csproj", "{1115F030-1566-4FA8-BEF8-79397DD568F7}"
EndProject
Global
	GlobalSection(SolutionConfigurationPlatforms) = preSolution
		Debug|Any CPU = Debug|Any CPU
		Release|Any CPU = Release|Any CPU
	EndGlobalSection
	GlobalSection(ProjectConfigurationPlatforms) = postSolution
		{1115F030-1566-4FA8-BEF8-79397DD568F7}.Debug|Any CPU.ActiveCfg = Debug|Any CPU
		{1115F030-1566-4FA8-BEF8-79397DD568F7}.Debug|Any CPU.Build.0 = Debug|Any CPU
		{1115F030-1566-4FA8-BEF8-79397DD568F7}.Release|Any CPU.ActiveCfg = Release|Any CPU
		{1115F030-1566-4FA8-BEF8-79397DD568F7}.Release|Any CPU.Build.0 = Release|Any CPU
	EndGlobalSection
	GlobalSection(SolutionProperties) = preSolution
		HideSolutionNode = FALSE
	EndGlobalSection
	GlobalSection(ExtensibilityGlobals) = postSolution
		SolutionGuid = {586DC2AB-C699-4203-8C82-C2C5D81C42A2}
	EndGlobalSection
EndGlobal
